
Microsoft Visual Studio Solution File, Format Version 12.00
# Visual Studio 15
VisualStudioVersion = 15.0.28307.1972
MinimumVisualStudioVersion = 10.0.40219.1
Project("{8BC9CEB8-8B4A-11D0-8D11-00A0C91BC942}") = "operator1", "operator1.vcxproj", "{A0E4E608-C381-4037-99BD-BB886C2E5CF5}"
EndProject
Global
	GlobalSection(SolutionConfigurationPlatforms) = preSolution
		Debug|x64 = Debug|x64
		Debug|x86 = Debug|x86
		Release|x64 = Release|x64
		Release|x86 = Release|x86
	EndGlobalSection
	GlobalSection(ProjectConfigurationPlatforms) = postSolution
		{A0E4E608-C381-4037-99BD-BB886C2E5CF5}.Debug|x64.ActiveCfg = Debug|x64
		{A0E4E608-C381-4037-99BD-BB886C2E5CF5}.Debug|x64.Build.0 = Debug|x64
		{A0E4E608-C381-4037-99BD-BB886C2E5CF5}.Debug|x86.ActiveCfg = Debug|Win32
		{A0E4E608-C381-4037-99BD-BB886C2E5CF5}.Debug|x86.Build.0 = Debug|Win32
		{A0E4E608-C381-4037-99BD-BB886C2E5CF5}.Release|x64.ActiveCfg = Release|x64
		{A0E4E608-C381-4037-99BD-BB886C2E5CF5}.Release|x64.Build.0 = Release|x64
		{A0E4E608-C381-4037-99BD-BB886C2E5CF5}.Release|x86.ActiveCfg = Release|Win32
		{A0E4E608-C381-4037-99BD-BB886C2E5CF5}.Release|x86.Build.0 = Release|Win32
	EndGlobalSection
	GlobalSection(SolutionProperties) = preSolution
		HideSolutionNode = FALSE
	EndGlobalSection
	GlobalSection(ExtensibilityGlobals) = postSolution
		SolutionGuid = {16A84181-DBCB-456A-969A-C4061969DB03}
	EndGlobalSection
EndGlobal
